
Microsoft Visual Studio Solution File, Format Version 12.00
# Visual Studio 15
VisualStudioVersion = 15.0.25807.0
MinimumVisualStudioVersion = 10.0.40219.1
Project("{2150E333-8FDC-42A3-9474-1A3956D46DE8}") = "Engine", "Engine", "{8F02F196-B943-4F1A-A22C-7A7D855D9FDD}"
EndProject
Project("{2150E333-8FDC-42A3-9474-1A3956D46DE8}") = "Enterprise", "Enterprise", "{23918525-24A1-4053-8958-4494AC9AC4A8}"
EndProject
Project("{2150E333-8FDC-42A3-9474-1A3956D46DE8}") = "Games", "Games", "{259F397C-F462-4701-89A6-E8216CD8F020}"
EndProject
Project("{8BC9CEB8-8B4A-11D0-8D11-00A0C91BC942}") = "UE4", "Intermediate\ProjectFiles\UE4.vcxproj", "{6F55EC23-8348-4416-B835-FC4A00BD31ED}"
EndProject
Project("{8BC9CEB8-8B4A-11D0-8D11-00A0C91BC942}") = "Studio", "Intermediate\ProjectFiles\Studio.vcxproj", "{D3203838-B0EE-48B3-8A8D-A2F0526FF868}"
EndProject
Project("{8BC9CEB8-8B4A-11D0-8D11-00A0C91BC942}") = "TimeWar", "Intermediate\ProjectFiles\TimeWar.vcxproj", "{86F08034-2E56-41FE-9F39-B3C2F16DF01D}"
EndProject
Global
	GlobalSection(SolutionConfigurationPlatforms) = preSolution
		DebugGame Editor|HTML5 = DebugGame Editor|HTML5
		DebugGame Editor|Win32 = DebugGame Editor|Win32
		DebugGame Editor|Win64 = DebugGame Editor|Win64
		DebugGame|HTML5 = DebugGame|HTML5
		DebugGame|Win32 = DebugGame|Win32
		DebugGame|Win64 = DebugGame|Win64
		Development Editor|HTML5 = Development Editor|HTML5
		Development Editor|Win32 = Development Editor|Win32
		Development Editor|Win64 = Development Editor|Win64
		Development|HTML5 = Development|HTML5
		Development|Win32 = Development|Win32
		Development|Win64 = Development|Win64
		Shipping|HTML5 = Shipping|HTML5
		Shipping|Win32 = Shipping|Win32
		Shipping|Win64 = Shipping|Win64
	EndGlobalSection
	GlobalSection(ProjectConfigurationPlatforms) = postSolution
		{86F08034-2E56-41FE-9F39-B3C2F16DF01D}.DebugGame Editor|HTML5.ActiveCfg = HTML5_DebugGame_Editor|Win32
		{86F08034-2E56-41FE-9F39-B3C2F16DF01D}.DebugGame Editor|Win32.ActiveCfg = DebugGame_Editor|Win32
		{86F08034-2E56-41FE-9F39-B3C2F16DF01D}.DebugGame Editor|Win64.ActiveCfg = DebugGame_Editor|x64
		{86F08034-2E56-41FE-9F39-B3C2F16DF01D}.DebugGame Editor|Win64.Build.0 = DebugGame_Editor|x64
		{86F08034-2E56-41FE-9F39-B3C2F16DF01D}.DebugGame|HTML5.ActiveCfg = HTML5_DebugGame_Game|Win32
		{86F08034-2E56-41FE-9F39-B3C2F16DF01D}.DebugGame|HTML5.Build.0 = HTML5_DebugGame_Game|Win32
		{86F08034-2E56-41FE-9F39-B3C2F16DF01D}.DebugGame|Win32.ActiveCfg = DebugGame_Game|Win32
		{86F08034-2E56-41FE-9F39-B3C2F16DF01D}.DebugGame|Win32.Build.0 = DebugGame_Game|Win32
		{86F08034-2E56-41FE-9F39-B3C2F16DF01D}.DebugGame|Win64.ActiveCfg = DebugGame_Game|x64
		{86F08034-2E56-41FE-9F39-B3C2F16DF01D}.DebugGame|Win64.Build.0 = DebugGame_Game|x64
		{86F08034-2E56-41FE-9F39-B3C2F16DF01D}.Development Editor|HTML5.ActiveCfg = HTML5_Development_Editor|Win32
		{86F08034-2E56-41FE-9F39-B3C2F16DF01D}.Development Editor|Win32.ActiveCfg = Development_Editor|Win32
		{86F08034-2E56-41FE-9F39-B3C2F16DF01D}.Development Editor|Win64.ActiveCfg = Development_Editor|x64
		{86F08034-2E56-41FE-9F39-B3C2F16DF01D}.Development Editor|Win64.Build.0 = Development_Editor|x64
		{86F08034-2E56-41FE-9F39-B3C2F16DF01D}.Development|HTML5.ActiveCfg = HTML5_Development_Game|Win32
		{86F08034-2E56-41FE-9F39-B3C2F16DF01D}.Development|HTML5.Build.0 = HTML5_Development_Game|Win32
		{86F08034-2E56-41FE-9F39-B3C2F16DF01D}.Development|Win32.ActiveCfg = Development_Game|Win32
		{86F08034-2E56-41FE-9F39-B3C2F16DF01D}.Development|Win32.Build.0 = Development_Game|Win32
		{86F08034-2E56-41FE-9F39-B3C2F16DF01D}.Development|Win64.ActiveCfg = Development_Game|x64
		{86F08034-2E56-41FE-9F39-B3C2F16DF01D}.Development|Win64.Build.0 = Development_Game|x64
		{86F08034-2E56-41FE-9F39-B3C2F16DF01D}.Shipping|HTML5.ActiveCfg = HTML5_Shipping_Game|Win32
		{86F08034-2E56-41FE-9F39-B3C2F16DF01D}.Shipping|HTML5.Build.0 = HTML5_Shipping_Game|Win32
		{86F08034-2E56-41FE-9F39-B3C2F16DF01D}.Shipping|Win32.ActiveCfg = Shipping_Game|Win32
		{86F08034-2E56-41FE-9F39-B3C2F16DF01D}.Shipping|Win32.Build.0 = Shipping_Game|Win32
		{86F08034-2E56-41FE-9F39-B3C2F16DF01D}.Shipping|Win64.ActiveCfg = Shipping_Game|x64
		{86F08034-2E56-41FE-9F39-B3C2F16DF01D}.Shipping|Win64.Build.0 = Shipping_Game|x64
	EndGlobalSection
	GlobalSection(SolutionProperties) = preSolution
		HideSolutionNode = FALSE
	EndGlobalSection
	GlobalSection(NestedProjects) = preSolution
		{6F55EC23-8348-4416-B835-FC4A00BD31ED} = {8F02F196-B943-4F1A-A22C-7A7D855D9FDD}
		{D3203838-B0EE-48B3-8A8D-A2F0526FF868} = {23918525-24A1-4053-8958-4494AC9AC4A8}
		{86F08034-2E56-41FE-9F39-B3C2F16DF01D} = {259F397C-F462-4701-89A6-E8216CD8F020}
	EndGlobalSection
EndGlobal
